
Microsoft Visual Studio Solution File, Format Version 12.00
# Visual Studio Version 17
VisualStudioVersion = 17.3.32922.545
MinimumVisualStudioVersion = 10.0.40219.1
Project("{FAE04EC0-301F-11D3-BF4B-00C04F79EFBC}") = "Task2", "Task2\Task2.csproj", "{E3167B69-164A-4D2C-992A-A2C12A14C288}"
EndProject
Global
	GlobalSection(SolutionConfigurationPlatforms) = preSolution
		Debug|Any CPU = Debug|Any CPU
		Release|Any CPU = Release|Any CPU
	EndGlobalSection
	GlobalSection(ProjectConfigurationPlatforms) = postSolution
		{E3167B69-164A-4D2C-992A-A2C12A14C288}.Debug|Any CPU.ActiveCfg = Debug|Any CPU
		{E3167B69-164A-4D2C-992A-A2C12A14C288}.Debug|Any CPU.Build.0 = Debug|Any CPU
		{E3167B69-164A-4D2C-992A-A2C12A14C288}.Release|Any CPU.ActiveCfg = Release|Any CPU
		{E3167B69-164A-4D2C-992A-A2C12A14C288}.Release|Any CPU.Build.0 = Release|Any CPU
	EndGlobalSection
	GlobalSection(SolutionProperties) = preSolution
		HideSolutionNode = FALSE
	EndGlobalSection
	GlobalSection(ExtensibilityGlobals) = postSolution
		SolutionGuid = {0B2D1C7D-2EB8-464F-8C9D-478517D1FC2B}
	EndGlobalSection
EndGlobal
